
Microsoft Visual Studio Solution File, Format Version 12.00
# Visual Studio Version 17
VisualStudioVersion = 17.6.33712.159
MinimumVisualStudioVersion = 10.0.40219.1
Project("{FAE04EC0-301F-11D3-BF4B-00C04F79EFBC}") = "Operátorok", "Operátorok.csproj", "{C61FE3DB-7DD4-42BA-AA77-1985ED7805D1}"
EndProject
Global
	GlobalSection(SolutionConfigurationPlatforms) = preSolution
		Debug|Any CPU = Debug|Any CPU
		Release|Any CPU = Release|Any CPU
	EndGlobalSection
	GlobalSection(ProjectConfigurationPlatforms) = postSolution
		{C61FE3DB-7DD4-42BA-AA77-1985ED7805D1}.Debug|Any CPU.ActiveCfg = Debug|Any CPU
		{C61FE3DB-7DD4-42BA-AA77-1985ED7805D1}.Debug|Any CPU.Build.0 = Debug|Any CPU
		{C61FE3DB-7DD4-42BA-AA77-1985ED7805D1}.Release|Any CPU.ActiveCfg = Release|Any CPU
		{C61FE3DB-7DD4-42BA-AA77-1985ED7805D1}.Release|Any CPU.Build.0 = Release|Any CPU
	EndGlobalSection
	GlobalSection(SolutionProperties) = preSolution
		HideSolutionNode = FALSE
	EndGlobalSection
	GlobalSection(ExtensibilityGlobals) = postSolution
		SolutionGuid = {E5B9F39F-15F6-4DA4-BE80-B00707ABCFE0}
	EndGlobalSection
EndGlobal
